// !$*UTF8*$!
{
	archiveVersion = 1;
	classes = {
	};
	objectVersion = 48;
	objects = {

/* Begin PBXBuildFile section */
		532CF5311FCE8F58004D43A9 /* AppDelegate.swift in Sources */ = {isa = PBXBuildFile; fileRef = 532CF5301FCE8F58004D43A9 /* AppDelegate.swift */; };
		532CF5331FCE8F58004D43A9 /* ViewController.swift in Sources */ = {isa = PBXBuildFile; fileRef = 532CF5321FCE8F58004D43A9 /* ViewController.swift */; };
		532CF5361FCE8F58004D43A9 /* Main.storyboard in Resources */ = {isa = PBXBuildFile; fileRef = 532CF5341FCE8F58004D43A9 /* Main.storyboard */; };
		532CF5381FCE8F58004D43A9 /* Assets.xcassets in Resources */ = {isa = PBXBuildFile; fileRef = 532CF5371FCE8F58004D43A9 /* Assets.xcassets */; };
		532CF53B1FCE8F58004D43A9 /* LaunchScreen.storyboard in Resources */ = {isa = PBXBuildFile; fileRef = 532CF5391FCE8F58004D43A9 /* LaunchScreen.storyboard */; };
/* End PBXBuildFile section */

/* Begin PBXFileReference section */
		532CF52D1FCE8F58004D43A9 /* NoStoryboardCollectionViewSample.app */ = {isa = PBXFileReference; explicitFileType = wrapper.application; includeInIndex = 0; path = NoStoryboardCollectionViewSample.app; sourceTree = BUILT_PRODUCTS_DIR; };
		532CF5301FCE8F58004D43A9 /* AppDelegate.swift */ = {isa = PBXFileReference; lastKnownFileType = sourcecode.swift; path = AppDelegate.swift; sourceTree = "<group>"; };
		532CF5321FCE8F58004D43A9 /* ViewController.swift */ = {isa = PBXFileReference; lastKnownFileType = sourcecode.swift; path = ViewController.swift; sourceTree = "<group>"; };
		532CF5351FCE8F58004D43A9 /* Base */ = {isa = PBXFileReference; lastKnownFileType = file.storyboard; name = Base; path = Base.lproj/Main.storyboard; sourceTree = "<group>"; };
		532CF5371FCE8F58004D43A9 /* Assets.xcassets */ = {isa = PBXFileReference; lastKnownFileType = folder.assetcatalog; path = Assets.xcassets; sourceTree = "<group>"; };
		532CF53A1FCE8F58004D43A9 /* Base */ = {isa = PBXFileReference; lastKnownFileType = file.storyboard; name = Base; path = Base.lproj/LaunchScreen.storyboard; sourceTree = "<group>"; };
		532CF53C1FCE8F58004D43A9 /* Info.plist */ = {isa = PBXFileReference; lastKnownFileType = text.plist.xml; path = Info.plist; sourceTree = "<group>"; };
/* End PBXFileReference section */

/* Begin PBXFrameworksBuildPhase section */
		532CF52A1FCE8F58004D43A9 /* Frameworks */ = {
			isa = PBXFrameworksBuildPhase;
			buildActionMask = 2147483647;
			files = (
			);
			runOnlyForDeploymentPostprocessing = 0;
		};
/* End PBXFrameworksBuildPhase section */

/* Begin PBXGroup section */
		532CF5241FCE8F57004D43A9 = {
			isa = PBXGroup;
			children = (
				532CF52F1FCE8F58004D43A9 /* NoStoryboardCollectionViewSample */,
				532CF52E1FCE8F58004D43A9 /* Products */,
			);
			sourceTree = "<group>";
		};
		532CF52E1FCE8F58004D43A9 /* Products */ = {
			isa = PBXGroup;
			children = (
				532CF52D1FCE8F58004D43A9 /* NoStoryboardCollectionViewSample.app */,
			);
			name = Products;
			sourceTree = "<group>";
		};
		532CF52F1FCE8F58004D43A9 /* NoStoryboardCollectionViewSample */ = {
			isa = PBXGroup;
			children = (
				532CF5301FCE8F58004D43A9 /* AppDelegate.swift */,
				532CF5321FCE8F58004D43A9 /* ViewController.swift */,
				532CF5341FCE8F58004D43A9 /* Main.storyboard */,
				532CF5371FCE8F58004D43A9 /* Assets.xcassets */,
				532CF5391FCE8F58004D43A9 /* LaunchScreen.storyboard */,
				532CF53C1FCE8F58004D43A9 /* Info.plist */,
			);
			path = NoStoryboardCollectionViewSample;
			sourceTree = "<group>";
		};
/* End PBXGroup section */

/* Begin PBXNativeTarget section */
		532CF52C1FCE8F58004D43A9 /* NoStoryboardCollectionViewSample */ = {
			isa = PBXNativeTarget;
			buildConfigurationList = 532CF53F1FCE8F58004D43A9 /* Build configuration list for PBXNativeTarget "NoStoryboardCollectionViewSample" */;
			buildPhases = (
				532CF5291FCE8F58004D43A9 /* Sources */,
				532CF52A1FCE8F58004D43A9 /* Frameworks */,
				532CF52B1FCE8F58004D43A9 /* Resources */,
			);
			buildRules = (
			);
			dependencies = (
			);
			name = NoStoryboardCollectionViewSample;
			productName = NoStoryboardCollectionViewSample;
			productReference = 532CF52D1FCE8F58004D43A9 /* NoStoryboardCollectionViewSample.app */;
			productType = "com.apple.product-type.application";
		};
/* End PBXNativeTarget section */

/* Begin PBXProject section */
		532CF5251FCE8F57004D43A9 /* Project object */ = {
			isa = PBXProject;
			attributes = {
				LastSwiftUpdateCheck = 0910;
				LastUpgradeCheck = 0910;
				ORGANIZATIONNAME = "Morita Jun";
				TargetAttributes = {
					532CF52C1FCE8F58004D43A9 = {
						CreatedOnToolsVersion = 9.1;
						ProvisioningStyle = Automatic;
					};
				};
			};
			buildConfigurationList = 532CF5281FCE8F57004D43A9 /* Build configuration list for PBXProject "NoStoryboardCollectionViewSample" */;
			compatibilityVersion = "Xcode 8.0";
			developmentRegion = en;
			hasScannedForEncodings = 0;
			knownRegions = (
				en,
				Base,
			);
			mainGroup = 532CF5241FCE8F57004D43A9;
			productRefGroup = 532CF52E1FCE8F58004D43A9 /* Products */;
			projectDirPath = "";
			projectRoot = "";
			targets = (
				532CF52C1FCE8F58004D43A9 /* NoStoryboardCollectionViewSample */,
			);
		};
/* End PBXProject section */

/* Begin PBXResourcesBuildPhase section */
		532CF52B1FCE8F58004D43A9 /* Resources */ = {
			isa = PBXResourcesBuildPhase;
			buildActionMask = 2147483647;
			files = (
				532CF53B1FCE8F58004D43A9 /* LaunchScreen.storyboard in Resources */,
				532CF5381FCE8F58004D43A9 /* Assets.xcassets in Resources */,
				532CF5361FCE8F58004D43A9 /* Main.storyboard in Resources */,
			);
			runOnlyForDeploymentPostprocessing = 0;
		};
/* End PBXResourcesBuildPhase section */

/* Begin PBXSourcesBuildPhase section */
		532CF5291FCE8F58004D43A9 /* Sources */ = {
			isa = PBXSourcesBuildPhase;
			buildActionMask = 2147483647;
			files = (
				532CF5331FCE8F58004D43A9 /* ViewController.swift in Sources */,
				532CF5311FCE8F58004D43A9 /* AppDelegate.swift in Sources */,
			);
			runOnlyForDeploymentPostprocessing = 0;
		};
/* End PBXSourcesBuildPhase section */

/* Begin PBXVariantGroup section */
		532CF5341FCE8F58004D43A9 /* Main.storyboard */ = {
			isa = PBXVariantGroup;
			children = (
				532CF5351FCE8F58004D43A9 /* Base */,
			);
			name = Main.storyboard;
			sourceTree = "<group>";
		};
		532CF5391FCE8F58004D43A9 /* LaunchScreen.storyboard */ = {
			isa = PBXVariantGroup;
			children = (
				532CF53A1FCE8F58004D43A9 /* Base */,
			);
			name = LaunchScreen.storyboard;
			sourceTree = "<group>";
		};
/* End PBXVariantGroup section */

/* Begin XCBuildConfiguration section */
		532CF53D1FCE8F58004D43A9 /* Debug */ = {
			isa = XCBuildConfiguration;
			buildSettings = {
				ALWAYS_SEARCH_USER_PATHS = NO;
				CLANG_ANALYZER_NONNULL = YES;
				CLANG_ANALYZER_NUMBER_OBJECT_CONVERSION = YES_AGGRESSIVE;
				CLANG_CXX_LANGUAGE_STANDARD = "gnu++14";
				CLANG_CXX_LIBRARY = "libc++";
				CLANG_ENABLE_MODULES = YES;
				CLANG_ENABLE_OBJC_ARC = YES;
				CLANG_WARN_BLOCK_CAPTURE_AUTORELEASING = YES;
				CLANG_WARN_BOOL_CONVERSION = YES;
				CLANG_WARN_COMMA = YES;
				CLANG_WARN_CONSTANT_CONVERSION = YES;
				CLANG_WARN_DIRECT_OBJC_ISA_USAGE = YES_ERROR;
				CLANG_WARN_DOCUMENTATION_COMMENTS = YES;
				CLANG_WARN_EMPTY_BODY = YES;
				CLANG_WARN_ENUM_CONVERSION = YES;
				CLANG_WARN_INFINITE_RECURSION = YES;
				CLANG_WARN_INT_CONVERSION = YES;
				CLANG_WARN_NON_LITERAL_NULL_CONVERSION = YES;
				CLANG_WARN_OBJC_LITERAL_CONVERSION = YES;
				CLANG_WARN_OBJC_ROOT_CLASS = YES_ERROR;
				CLANG_WARN_RANGE_LOOP_ANALYSIS = YES;
				CLANG_WARN_STRICT_PROTOTYPES = YES;
				CLANG_WARN_SUSPICIOUS_MOVE = YES;
				CLANG_WARN_UNGUARDED_AVAILABILITY = YES_AGGRESSIVE;
				CLANG_WARN_UNREACHABLE_CODE = YES;
				CLANG_WARN__DUPLICATE_METHOD_MATCH = YES;
				CODE_SIGN_IDENTITY = "iPhone Developer";
				COPY_PHASE_STRIP = NO;
				DEBUG_INFORMATION_FORMAT = dwarf;
				ENABLE_STRICT_OBJC_MSGSEND = YES;
				ENABLE_TESTABILITY = YES;
				GCC_C_LANGUAGE_STANDARD = gnu11;
				GCC_DYNAMIC_NO_PIC = NO;
				GCC_NO_COMMON_BLOCKS = YES;
				GCC_OPTIMIZATION_LEVEL = 0;
				GCC_PREPROCESSOR_DEFINITIONS = (
					"DEBUG=1",
					"$(inherited)",
				);
				GCC_WARN_64_TO_32_BIT_CONVERSION = YES;
				GCC_WARN_ABOUT_RETURN_TYPE = YES_ERROR;
				GCC_WARN_UNDECLARED_SELECTOR = YES;
				GCC_WARN_UNINITIALIZED_AUTOS = YES_AGGRESSIVE;
				GCC_WARN_UNUSED_FUNCTION = YES;
				GCC_WARN_UNUSED_VARIABLE = YES;
				IPHONEOS_DEPLOYMENT_TARGET = 11.1;
				MTL_ENABLE_DEBUG_INFO = YES;
				ONLY_ACTIVE_ARCH = YES;
				SDKROOT = iphoneos;
				SWIFT_ACTIVE_COMPILATION_CONDITIONS = DEBUG;
				SWIFT_OPTIMIZATION_LEVEL = "-Onone";
			};
			name = Debug;
		};
		532CF53E1FCE8F58004D43A9 /* Release */ = {
			isa = XCBuildConfiguration;
			buildSettings = {
				ALWAYS_SEARCH_USER_PATHS = NO;
				CLANG_ANALYZER_NONNULL = YES;
				CLANG_ANALYZER_NUMBER_OBJECT_CONVERSION = YES_AGGRESSIVE;
				CLANG_CXX_LANGUAGE_STANDARD = "gnu++14";
				CLANG_CXX_LIBRARY = "libc++";
				CLANG_ENABLE_MODULES = YES;
				CLANG_ENABLE_OBJC_ARC = YES;
				CLANG_WARN_BLOCK_CAPTURE_AUTORELEASING = YES;
				CLANG_WARN_BOOL_CONVERSION = YES;
				CLANG_WARN_COMMA = YES;
				CLANG_WARN_CONSTANT_CONVERSION = YES;
				CLANG_WARN_DIRECT_OBJC_ISA_USAGE = YES_ERROR;
				CLANG_WARN_DOCUMENTATION_COMMENTS = YES;
				CLANG_WARN_EMPTY_BODY = YES;
				CLANG_WARN_ENUM_CONVERSION = YES;
				CLANG_WARN_INFINITE_RECURSION = YES;
				CLANG_WARN_INT_CONVERSION = YES;
				CLANG_WARN_NON_LITERAL_NULL_CONVERSION = YES;
				CLANG_WARN_OBJC_LITERAL_CONVERSION = YES;
				CLANG_WARN_OBJC_ROOT_CLASS = YES_ERROR;
				CLANG_WARN_RANGE_LOOP_ANALYSIS = YES;
				CLANG_WARN_STRICT_PROTOTYPES = YES;
				CLANG_WARN_SUSPICIOUS_MOVE = YES;
				CLANG_WARN_UNGUARDED_AVAILABILITY = YES_AGGRESSIVE;
				CLANG_WARN_UNREACHABLE_CODE = YES;
				CLANG_WARN__DUPLICATE_METHOD_MATCH = YES;
				CODE_SIGN_IDENTITY = "iPhone Developer";
				COPY_PHASE_STRIP = NO;
				DEBUG_INFORMATION_FORMAT = "dwarf-with-dsym";
				ENABLE_NS_ASSERTIONS = NO;
				ENABLE_STRICT_OBJC_MSGSEND = YES;
				GCC_C_LANGUAGE_STANDARD = gnu11;
				GCC_NO_COMMON_BLOCKS = YES;
				GCC_WARN_64_TO_32_BIT_CONVERSION = YES;
				GCC_WARN_ABOUT_RETURN_TYPE = YES_ERROR;
				GCC_WARN_UNDECLARED_SELECTOR = YES;
				GCC_WARN_UNINITIALIZED_AUTOS = YES_AGGRESSIVE;
				GCC_WARN_UNUSED_FUNCTION = YES;
				GCC_WARN_UNUSED_VARIABLE = YES;
				IPHONEOS_DEPLOYMENT_TARGET = 11.1;
				MTL_ENABLE_DEBUG_INFO = NO;
				SDKROOT = iphoneos;
				SWIFT_OPTIMIZATION_LEVEL = "-Owholemodule";
				VALIDATE_PRODUCT = YES;
			};
			name = Release;
		};
		532CF5401FCE8F58004D43A9 /* Debug */ = {
			isa = XCBuildConfiguration;
			buildSettings = {
				ASSETCATALOG_COMPILER_APPICON_NAME = AppIcon;
				CODE_SIGN_STYLE = Automatic;
				INFOPLIST_FILE = NoStoryboardCollectionViewSample/Info.plist;
				LD_RUNPATH_SEARCH_PATHS = "$(inherited) @executable_path/Frameworks";
				PRODUCT_BUNDLE_IDENTIFIER = Onerevo.NoStoryboardCollectionViewSample;
				PRODUCT_NAME = "$(TARGET_NAME)";
				SWIFT_VERSION = 4.0;
				TARGETED_DEVICE_FAMILY = "1,2";
			};
			name = Debug;
		};
		532CF5411FCE8F58004D43A9 /* Release */ = {
			isa = XCBuildConfiguration;
			buildSettings = {
				ASSETCATALOG_COMPILER_APPICON_NAME = AppIcon;
				CODE_SIGN_STYLE = Automatic;
				INFOPLIST_FILE = NoStoryboardCollectionViewSample/Info.plist;
				LD_RUNPATH_SEARCH_PATHS = "$(inherited) @executable_path/Frameworks";
				PRODUCT_BUNDLE_IDENTIFIER = Onerevo.NoStoryboardCollectionViewSample;
				PRODUCT_NAME = "$(TARGET_NAME)";
				SWIFT_VERSION = 4.0;
				TARGETED_DEVICE_FAMILY = "1,2";
			};
			name = Release;
		};
/* End XCBuildConfiguration section */

/* Begin XCConfigurationList section */
		532CF5281FCE8F57004D43A9 /* Build configuration list for PBXProject "NoStoryboardCollectionViewSample" */ = {
			isa = XCConfigurationList;
			buildConfigurations = (
				532CF53D1FCE8F58004D43A9 /* Debug */,
				532CF53E1FCE8F58004D43A9 /* Release */,
			);
			defaultConfigurationIsVisible = 0;
			defaultConfigurationName = Release;
		};
		532CF53F1FCE8F58004D43A9 /* Build configuration list for PBXNativeTarget "NoStoryboardCollectionViewSample" */ = {
			isa = XCConfigurationList;
			buildConfigurations = (
				532CF5401FCE8F58004D43A9 /* Debug */,
				532CF5411FCE8F58004D43A9 /* Release */,
			);
			defaultConfigurationIsVisible = 0;
			defaultConfigurationName = Release;
		};
/* End XCConfigurationList section */
	};
	rootObject = 532CF5251FCE8F57004D43A9 /* Project object */;
}
